<?xml version="1.0" encoding="utf-8"?>
<Project ToolsVersion="4.0" xmlns="http://schemas.microsoft.com/developer/msbuild/2003">
  <ItemGroup>
    <Filter Include="Form Files">
      <UniqueIdentifier>{99349809-55BA-4b9d-BF79-8FDBB0286EB3}</UniqueIdentifier>
      <Extensions>ui</Extensions>
      <ParseFiles>false</ParseFiles>
    </Filter>
    <Filter Include="Form Files">
      <UniqueIdentifier>{99349809-55BA-4b9d-BF79-8FDBB0286EB3}</UniqueIdentifier>
      <Extensions>ui</Extensions>
      <ParseFiles>false</ParseFiles>
    </Filter>
    <Filter Include="Generated Files">
      <UniqueIdentifier>{71ED8ED8-ACB9-4CE9-BBE1-E00B30144E11}</UniqueIdentifier>
      <Extensions>cpp;c;cxx;moc;h;def;odl;idl;res;</Extensions>
    </Filter>
    <Filter Include="Generated Files">
      <UniqueIdentifier>{71ED8ED8-ACB9-4CE9-BBE1-E00B30144E11}</UniqueIdentifier>
      <Extensions>cpp;c;cxx;moc;h;def;odl;idl;res;</Extensions>
    </Filter>
    <Filter Include="Header Files">
      <UniqueIdentifier>{93995380-89BD-4b04-88EB-625FBE52EBFB}</UniqueIdentifier>
      <Extensions>h;hpp;hxx;hm;inl;inc;xsd</Extensions>
    </Filter>
    <Filter Include="Header Files">
      <UniqueIdentifier>{93995380-89BD-4b04-88EB-625FBE52EBFB}</UniqueIdentifier>
      <Extensions>h;hpp;hxx;hm;inl;inc;xsd</Extensions>
    </Filter>
    <Filter Include="Source Files">
      <UniqueIdentifier>{4FC737F1-C7A5-4376-A066-2A32D752A2FF}</UniqueIdentifier>
      <Extensions>cpp;c;cxx;def;odl;idl;hpj;bat;asm;asmx</Extensions>
    </Filter>
    <Filter Include="Source Files">
      <UniqueIdentifier>{4FC737F1-C7A5-4376-A066-2A32D752A2FF}</UniqueIdentifier>
      <Extensions>cpp;c;cxx;def;odl;idl;hpj;bat;asm;asmx</Extensions>
    </Filter>
  </ItemGroup>
  <ItemGroup>
    <ClCompile Include="database\Database.cpp">
      <Filter>Source Files</Filter>
    </ClCompile>
    <ClCompile Include="core\Format.cpp">
      <Filter>Source Files</Filter>
    </ClCompile>
    <ClCompile Include="core\Geodata_record.cpp">
      <Filter>Source Files</Filter>
    </ClCompile>
    <ClCompile Include="view\LoginDialog.cpp">
      <Filter>Source Files</Filter>
    </ClCompile>
    <ClCompile Include="view\MainWindow.cpp">
      <Filter>Source Files</Filter>
    </ClCompile>
    <ClCompile Include="view\NewDockWidget.cpp">
      <Filter>Source Files</Filter>
    </ClCompile>
    <ClCompile Include="view\NewRecordUser.cpp">
      <Filter>Source Files</Filter>
    </ClCompile>
    <ClCompile Include="search_module\Parser.cpp">
      <Filter>Source Files</Filter>
    </ClCompile>
    <ClCompile Include="search_module\ParserGisLub.cpp">
      <Filter>Source Files</Filter>
    </ClCompile>
    <ClCompile Include="search_module\SM_Session.cpp">
      <Filter>Source Files</Filter>
    </ClCompile>
    <ClCompile Include="core\Scale.cpp">
      <Filter>Source Files</Filter>
    </ClCompile>
    <ClCompile Include="view\SearchForm.cpp">
      <Filter>Source Files</Filter>
    </ClCompile>
    <ClCompile Include="core\Session.cpp">
      <Filter>Source Files</Filter>
    </ClCompile>
    <ClCompile Include="core\Site.cpp">
      <Filter>Source Files</Filter>
    </ClCompile>
    <ClCompile Include="core\State.cpp">
      <Filter>Source Files</Filter>
    </ClCompile>
    <ClCompile Include="core\Status.cpp">
      <Filter>Source Files</Filter>
    </ClCompile>
    <ClCompile Include="core\User.cpp">
      <Filter>Source Files</Filter>
    </ClCompile>
    <ClCompile Include="core\Usertype.cpp">
      <Filter>Source Files</Filter>
    </ClCompile>
    <ClCompile Include="view\ViewForm.cpp">
      <Filter>Source Files</Filter>
    </ClCompile>
    <ClCompile Include="main.cpp">
      <Filter>Source Files</Filter>
    </ClCompile>
  </ItemGroup>
  <ItemGroup>
    <ClInclude Include="database\Database.h">
      <Filter>Header Files</Filter>
    </ClInclude>
    <CustomBuild Include="core\Format.h">
      <Filter>Header Files</Filter>
    </CustomBuild>
    <ClInclude Include="core\Geodata_record.h">
      <Filter>Header Files</Filter>
    </ClInclude>
    <CustomBuild Include="view\LoginDialog.h">
      <Filter>Header Files</Filter>
    </CustomBuild>
    <CustomBuild Include="view\MainWindow.h">
      <Filter>Header Files</Filter>
    </CustomBuild>
    <CustomBuild Include="view\NewDockWidget.h">
      <Filter>Header Files</Filter>
    </CustomBuild>
    <CustomBuild Include="view\NewRecordUser.h">
      <Filter>Header Files</Filter>
    </CustomBuild>
    <CustomBuild Include="search_module\Parser.h">
      <Filter>Header Files</Filter>
    </CustomBuild>
    <CustomBuild Include="search_module\ParserGisLub.h">
      <Filter>Header Files</Filter>
    </CustomBuild>
    <CustomBuild Include="search_module\SM_Session.h">
      <Filter>Header Files</Filter>
    </CustomBuild>
    <CustomBuild Include="core\Scale.h">
      <Filter>Header Files</Filter>
    </CustomBuild>
    <ClInclude Include="view\SearchForm.h">
      <Filter>Header Files</Filter>
    </ClInclude>
    <CustomBuild Include="core\Session.h">
      <Filter>Header Files</Filter>
    </CustomBuild>
    <ClInclude Include="core\Site.h">
      <Filter>Header Files</Filter>
    </ClInclude>
    <CustomBuild Include="core\State.h">
      <Filter>Header Files</Filter>
    </CustomBuild>
    <CustomBuild Include="core\Status.h">
      <Filter>Header Files</Filter>
    </CustomBuild>
    <CustomBuild Include="core\User.h">
      <Filter>Header Files</Filter>
    </CustomBuild>
    <CustomBuild Include="core\Usertype.h">
      <Filter>Header Files</Filter>
    </CustomBuild>
    <ClInclude Include="view\ViewForm.h">
      <Filter>Header Files</Filter>
    </ClInclude>
  </ItemGroup>
  <ItemGroup>
    <ClCompile Include="debug\moc_Format.cpp">
      <Filter>Generated Files</Filter>
    </ClCompile>
    <ClCompile Include="release\moc_Format.cpp">
      <Filter>Generated Files</Filter>
    </ClCompile>
    <ClCompile Include="debug\moc_LoginDialog.cpp">
      <Filter>Generated Files</Filter>
    </ClCompile>
    <ClCompile Include="release\moc_LoginDialog.cpp">
      <Filter>Generated Files</Filter>
    </ClCompile>
    <ClCompile Include="debug\moc_MainWindow.cpp">
      <Filter>Generated Files</Filter>
    </ClCompile>
    <ClCompile Include="release\moc_MainWindow.cpp">
      <Filter>Generated Files</Filter>
    </ClCompile>
    <ClCompile Include="debug\moc_NewDockWidget.cpp">
      <Filter>Generated Files</Filter>
    </ClCompile>
    <ClCompile Include="release\moc_NewDockWidget.cpp">
      <Filter>Generated Files</Filter>
    </ClCompile>
    <ClCompile Include="debug\moc_NewRecordUser.cpp">
      <Filter>Generated Files</Filter>
    </ClCompile>
    <ClCompile Include="release\moc_NewRecordUser.cpp">
      <Filter>Generated Files</Filter>
    </ClCompile>
    <ClCompile Include="debug\moc_Parser.cpp">
      <Filter>Generated Files</Filter>
    </ClCompile>
    <ClCompile Include="release\moc_Parser.cpp">
      <Filter>Generated Files</Filter>
    </ClCompile>
    <ClCompile Include="debug\moc_ParserGisLub.cpp">
      <Filter>Generated Files</Filter>
    </ClCompile>
    <ClCompile Include="release\moc_ParserGisLub.cpp">
      <Filter>Generated Files</Filter>
    </ClCompile>
    <ClCompile Include="debug\moc_SM_Session.cpp">
      <Filter>Generated Files</Filter>
    </ClCompile>
    <ClCompile Include="release\moc_SM_Session.cpp">
      <Filter>Generated Files</Filter>
    </ClCompile>
    <ClCompile Include="debug\moc_Scale.cpp">
      <Filter>Generated Files</Filter>
    </ClCompile>
    <ClCompile Include="release\moc_Scale.cpp">
      <Filter>Generated Files</Filter>
    </ClCompile>
    <ClCompile Include="debug\moc_Session.cpp">
      <Filter>Generated Files</Filter>
    </ClCompile>
    <ClCompile Include="release\moc_Session.cpp">
      <Filter>Generated Files</Filter>
    </ClCompile>
    <ClCompile Include="debug\moc_State.cpp">
      <Filter>Generated Files</Filter>
    </ClCompile>
    <ClCompile Include="release\moc_State.cpp">
      <Filter>Generated Files</Filter>
    </ClCompile>
    <ClCompile Include="debug\moc_Status.cpp">
      <Filter>Generated Files</Filter>
    </ClCompile>
    <ClCompile Include="release\moc_Status.cpp">
      <Filter>Generated Files</Filter>
    </ClCompile>
    <ClCompile Include="debug\moc_User.cpp">
      <Filter>Generated Files</Filter>
    </ClCompile>
    <ClCompile Include="release\moc_User.cpp">
      <Filter>Generated Files</Filter>
    </ClCompile>
    <ClCompile Include="debug\moc_Usertype.cpp">
      <Filter>Generated Files</Filter>
    </ClCompile>
    <ClCompile Include="release\moc_Usertype.cpp">
      <Filter>Generated Files</Filter>
    </ClCompile>
    <ClInclude Include="ui_LoginDialog.h">
      <Filter>Generated Files</Filter>
    </ClInclude>
    <ClInclude Include="ui_MainWindow.h">
      <Filter>Generated Files</Filter>
    </ClInclude>
    <ClInclude Include="ui_NewDockWidget.h">
      <Filter>Generated Files</Filter>
    </ClInclude>
    <ClInclude Include="ui_NewRecordUser.h">
      <Filter>Generated Files</Filter>
    </ClInclude>
    <ClInclude Include="ui_SearchForm.h">
      <Filter>Generated Files</Filter>
    </ClInclude>
    <ClInclude Include="ui_ViewForm.h">
      <Filter>Generated Files</Filter>
    </ClInclude>
  </ItemGroup>
  <ItemGroup>
    <CustomBuild Include="view\LoginDialog.ui">
      <Filter>Form Files</Filter>
    </CustomBuild>
    <CustomBuild Include="view\MainWindow.ui">
      <Filter>Form Files</Filter>
    </CustomBuild>
    <CustomBuild Include="view\NewDockWidget.ui">
      <Filter>Form Files</Filter>
    </CustomBuild>
    <CustomBuild Include="view\NewRecordUser.ui">
      <Filter>Form Files</Filter>
    </CustomBuild>
    <CustomBuild Include="view\SearchForm.ui">
      <Filter>Form Files</Filter>
    </CustomBuild>
    <CustomBuild Include="view\ViewForm.ui">
      <Filter>Form Files</Filter>
    </CustomBuild>
  </ItemGroup>
</Project>